
Microsoft Visual Studio Solution File, Format Version 12.00
Project("{FAE04EC0-301F-11D3-BF4B-00C04F79EFBC}") = "Overloading-cs", "Overloading-cs\Overloading-cs.csproj", "{9C34A722-8A70-4E30-8709-06F1C36D588A}"
EndProject
Project("{FAE04EC0-301F-11D3-BF4B-00C04F79EFBC}") = "Interface-cs", "Interface-cs\Interface-cs.csproj", "{0071D4F3-B27B-42A6-AB27-024017BCC3A8}"
EndProject
Project("{FAE04EC0-301F-11D3-BF4B-00C04F79EFBC}") = "Polymorphism", "Polymorphism\Polymorphism.csproj", "{903D6684-350F-48FB-BFA6-CC8CC382D1EF}"
EndProject
Project("{FAE04EC0-301F-11D3-BF4B-00C04F79EFBC}") = "Regular_Expressions", "Regular_Expressions\Regular_Expressions.csproj", "{9DDA779D-C7F1-406B-8D4C-E0E581793C28}"
EndProject
Global
	GlobalSection(SolutionConfigurationPlatforms) = preSolution
		Debug|Any CPU = Debug|Any CPU
		Release|Any CPU = Release|Any CPU
	EndGlobalSection
	GlobalSection(ProjectConfigurationPlatforms) = postSolution
		{9C34A722-8A70-4E30-8709-06F1C36D588A}.Debug|Any CPU.ActiveCfg = Debug|Any CPU
		{9C34A722-8A70-4E30-8709-06F1C36D588A}.Debug|Any CPU.Build.0 = Debug|Any CPU
		{9C34A722-8A70-4E30-8709-06F1C36D588A}.Release|Any CPU.ActiveCfg = Release|Any CPU
		{9C34A722-8A70-4E30-8709-06F1C36D588A}.Release|Any CPU.Build.0 = Release|Any CPU
		{0071D4F3-B27B-42A6-AB27-024017BCC3A8}.Debug|Any CPU.ActiveCfg = Debug|Any CPU
		{0071D4F3-B27B-42A6-AB27-024017BCC3A8}.Debug|Any CPU.Build.0 = Debug|Any CPU
		{0071D4F3-B27B-42A6-AB27-024017BCC3A8}.Release|Any CPU.ActiveCfg = Release|Any CPU
		{0071D4F3-B27B-42A6-AB27-024017BCC3A8}.Release|Any CPU.Build.0 = Release|Any CPU
		{903D6684-350F-48FB-BFA6-CC8CC382D1EF}.Debug|Any CPU.ActiveCfg = Debug|Any CPU
		{903D6684-350F-48FB-BFA6-CC8CC382D1EF}.Debug|Any CPU.Build.0 = Debug|Any CPU
		{903D6684-350F-48FB-BFA6-CC8CC382D1EF}.Release|Any CPU.ActiveCfg = Release|Any CPU
		{903D6684-350F-48FB-BFA6-CC8CC382D1EF}.Release|Any CPU.Build.0 = Release|Any CPU
		{9DDA779D-C7F1-406B-8D4C-E0E581793C28}.Debug|Any CPU.ActiveCfg = Debug|Any CPU
		{9DDA779D-C7F1-406B-8D4C-E0E581793C28}.Debug|Any CPU.Build.0 = Debug|Any CPU
		{9DDA779D-C7F1-406B-8D4C-E0E581793C28}.Release|Any CPU.ActiveCfg = Release|Any CPU
		{9DDA779D-C7F1-406B-8D4C-E0E581793C28}.Release|Any CPU.Build.0 = Release|Any CPU
	EndGlobalSection
EndGlobal
